{
  "originHash" : "d95adb3aa2935e74b179dc42e14421080c0abdb438ae24e0d4f417ba9adbd659",
  "pins" : [
    {
      "identity" : "papyrus",
      "kind" : "remoteSourceControl",
      "location" : "https://github.com/MxIris-Library-Forks/papyrus",
      "state" : {
        "branch" : "main",
        "revision" : "77afd4ef330c81771be880ed00fd88752aa3b040"
      }
    },
    {
      "identity" : "swift-syntax",
      "kind" : "remoteSourceControl",
      "location" : "https://github.com/swiftlang/swift-syntax",
      "state" : {
        "revision" : "0687f71944021d616d34d922343dcef086855920",
        "version" : "600.0.1"
      }
    }
  ],
  "version" : 3
}
